// !$*UTF8*$!
{
	archiveVersion = 1;
	classes = {
	};
	objectVersion = 46;
	objects = {

/* Begin PBXBuildFile section */
		523980691F233D53002B2993 /* ints.json in Resources */ = {isa = PBXBuildFile; fileRef = 523980671F233D53002B2993 /* ints.json */; };
		5239806A1F233D53002B2993 /* ports.json in Resources */ = {isa = PBXBuildFile; fileRef = 523980681F233D53002B2993 /* ports.json */; };
		5239806E1F235B84002B2993 /* OpComment.mm in Sources */ = {isa = PBXBuildFile; fileRef = 5239806D1F235B84002B2993 /* OpComment.mm */; };
		523E54BB1E904344007D2654 /* Intel16CPU.mm in Sources */ = {isa = PBXBuildFile; fileRef = 523E54BA1E904344007D2654 /* Intel16CPU.mm */; };
		523E54BE1E9044A6007D2654 /* Intel16Ctx.m in Sources */ = {isa = PBXBuildFile; fileRef = 523E54BD1E9044A6007D2654 /* Intel16Ctx.m */; };
		523E54C11E9044DD007D2654 /* CoreFoundation.framework in Frameworks */ = {isa = PBXBuildFile; fileRef = 523E54C01E9044DD007D2654 /* CoreFoundation.framework */; };
		52AC8A511F251696003B58E1 /* Foundation.framework in Frameworks */ = {isa = PBXBuildFile; fileRef = 52AC8A501F251696003B58E1 /* Foundation.framework */; };
/* End PBXBuildFile section */

/* Begin PBXFileReference section */
		523980671F233D53002B2993 /* ints.json */ = {isa = PBXFileReference; fileEncoding = 4; lastKnownFileType = text.json; name = ints.json; path = Intel16CPU/ints.json; sourceTree = "<group>"; };
		523980681F233D53002B2993 /* ports.json */ = {isa = PBXFileReference; fileEncoding = 4; lastKnownFileType = text.json; name = ports.json; path = Intel16CPU/ports.json; sourceTree = "<group>"; };
		5239806C1F235B84002B2993 /* OpComment.h */ = {isa = PBXFileReference; fileEncoding = 4; lastKnownFileType = sourcecode.c.h; path = OpComment.h; sourceTree = "<group>"; };
		5239806D1F235B84002B2993 /* OpComment.mm */ = {isa = PBXFileReference; fileEncoding = 4; lastKnownFileType = sourcecode.cpp.objcpp; path = OpComment.mm; sourceTree = "<group>"; };
		523E54B01E90431E007D2654 /* Intel16CPU.hopperCPU */ = {isa = PBXFileReference; explicitFileType = wrapper.cfbundle; includeInIndex = 0; path = Intel16CPU.hopperCPU; sourceTree = BUILT_PRODUCTS_DIR; };
		523E54B31E90431E007D2654 /* Info.plist */ = {isa = PBXFileReference; lastKnownFileType = text.plist.xml; path = Info.plist; sourceTree = "<group>"; };
		523E54B91E904344007D2654 /* Intel16CPU.h */ = {isa = PBXFileReference; fileEncoding = 4; lastKnownFileType = sourcecode.c.h; path = Intel16CPU.h; sourceTree = "<group>"; };
		523E54BA1E904344007D2654 /* Intel16CPU.mm */ = {isa = PBXFileReference; fileEncoding = 4; lastKnownFileType = sourcecode.cpp.objcpp; path = Intel16CPU.mm; sourceTree = "<group>"; };
		523E54BC1E9044A6007D2654 /* Intel16Ctx.h */ = {isa = PBXFileReference; fileEncoding = 4; lastKnownFileType = sourcecode.c.h; path = Intel16Ctx.h; sourceTree = "<group>"; };
		523E54BD1E9044A6007D2654 /* Intel16Ctx.m */ = {isa = PBXFileReference; fileEncoding = 4; lastKnownFileType = sourcecode.c.objc; path = Intel16Ctx.m; sourceTree = "<group>"; };
		523E54C01E9044DD007D2654 /* CoreFoundation.framework */ = {isa = PBXFileReference; lastKnownFileType = wrapper.framework; name = CoreFoundation.framework; path = System/Library/Frameworks/CoreFoundation.framework; sourceTree = SDKROOT; };
		52AC8A501F251696003B58E1 /* Foundation.framework */ = {isa = PBXFileReference; lastKnownFileType = wrapper.framework; name = Foundation.framework; path = System/Library/Frameworks/Foundation.framework; sourceTree = SDKROOT; };
/* End PBXFileReference section */

/* Begin PBXFrameworksBuildPhase section */
		523E54AD1E90431E007D2654 /* Frameworks */ = {
			isa = PBXFrameworksBuildPhase;
			buildActionMask = 2147483647;
			files = (
				52AC8A511F251696003B58E1 /* Foundation.framework in Frameworks */,
				523E54C11E9044DD007D2654 /* CoreFoundation.framework in Frameworks */,
			);
			runOnlyForDeploymentPostprocessing = 0;
		};
/* End PBXFrameworksBuildPhase section */

/* Begin PBXGroup section */
		5239806B1F233D58002B2993 /* Resources */ = {
			isa = PBXGroup;
			children = (
				523980671F233D53002B2993 /* ints.json */,
				523980681F233D53002B2993 /* ports.json */,
			);
			name = Resources;
			sourceTree = "<group>";
		};
		523E54A71E90431E007D2654 = {
			isa = PBXGroup;
			children = (
				5239806B1F233D58002B2993 /* Resources */,
				523E54B21E90431E007D2654 /* Intel16CPU */,
				523E54B11E90431E007D2654 /* Products */,
				523E54BF1E9044DD007D2654 /* Frameworks */,
			);
			sourceTree = "<group>";
		};
		523E54B11E90431E007D2654 /* Products */ = {
			isa = PBXGroup;
			children = (
				523E54B01E90431E007D2654 /* Intel16CPU.hopperCPU */,
			);
			name = Products;
			sourceTree = "<group>";
		};
		523E54B21E90431E007D2654 /* Intel16CPU */ = {
			isa = PBXGroup;
			children = (
				523E54B31E90431E007D2654 /* Info.plist */,
				523E54B91E904344007D2654 /* Intel16CPU.h */,
				523E54BA1E904344007D2654 /* Intel16CPU.mm */,
				523E54BC1E9044A6007D2654 /* Intel16Ctx.h */,
				523E54BD1E9044A6007D2654 /* Intel16Ctx.m */,
				5239806C1F235B84002B2993 /* OpComment.h */,
				5239806D1F235B84002B2993 /* OpComment.mm */,
			);
			path = Intel16CPU;
			sourceTree = "<group>";
		};
		523E54BF1E9044DD007D2654 /* Frameworks */ = {
			isa = PBXGroup;
			children = (
				52AC8A501F251696003B58E1 /* Foundation.framework */,
				523E54C01E9044DD007D2654 /* CoreFoundation.framework */,
			);
			name = Frameworks;
			sourceTree = "<group>";
		};
/* End PBXGroup section */

/* Begin PBXNativeTarget section */
		523E54AF1E90431E007D2654 /* Intel16CPU */ = {
			isa = PBXNativeTarget;
			buildConfigurationList = 523E54B61E90431E007D2654 /* Build configuration list for PBXNativeTarget "Intel16CPU" */;
			buildPhases = (
				523E54AC1E90431E007D2654 /* Sources */,
				523E54AD1E90431E007D2654 /* Frameworks */,
				523E54AE1E90431E007D2654 /* Resources */,
			);
			buildRules = (
			);
			dependencies = (
			);
			name = Intel16CPU;
			productName = Intel16CPU;
			productReference = 523E54B01E90431E007D2654 /* Intel16CPU.hopperCPU */;
			productType = "com.apple.product-type.bundle";
		};
/* End PBXNativeTarget section */

/* Begin PBXProject section */
		523E54A81E90431E007D2654 /* Project object */ = {
			isa = PBXProject;
			attributes = {
				LastUpgradeCheck = 0900;
				ORGANIZATIONNAME = bjfn;
				TargetAttributes = {
					523E54AF1E90431E007D2654 = {
						CreatedOnToolsVersion = 8.3;
						ProvisioningStyle = Automatic;
					};
				};
			};
			buildConfigurationList = 523E54AB1E90431E007D2654 /* Build configuration list for PBXProject "Intel16CPU" */;
			compatibilityVersion = "Xcode 3.2";
			developmentRegion = English;
			hasScannedForEncodings = 0;
			knownRegions = (
				en,
			);
			mainGroup = 523E54A71E90431E007D2654;
			productRefGroup = 523E54B11E90431E007D2654 /* Products */;
			projectDirPath = "";
			projectRoot = "";
			targets = (
				523E54AF1E90431E007D2654 /* Intel16CPU */,
			);
		};
/* End PBXProject section */

/* Begin PBXResourcesBuildPhase section */
		523E54AE1E90431E007D2654 /* Resources */ = {
			isa = PBXResourcesBuildPhase;
			buildActionMask = 2147483647;
			files = (
				5239806A1F233D53002B2993 /* ports.json in Resources */,
				523980691F233D53002B2993 /* ints.json in Resources */,
			);
			runOnlyForDeploymentPostprocessing = 0;
		};
/* End PBXResourcesBuildPhase section */

/* Begin PBXSourcesBuildPhase section */
		523E54AC1E90431E007D2654 /* Sources */ = {
			isa = PBXSourcesBuildPhase;
			buildActionMask = 2147483647;
			files = (
				523E54BB1E904344007D2654 /* Intel16CPU.mm in Sources */,
				523E54BE1E9044A6007D2654 /* Intel16Ctx.m in Sources */,
				5239806E1F235B84002B2993 /* OpComment.mm in Sources */,
			);
			runOnlyForDeploymentPostprocessing = 0;
		};
/* End PBXSourcesBuildPhase section */

/* Begin XCBuildConfiguration section */
		523E54B41E90431E007D2654 /* Debug */ = {
			isa = XCBuildConfiguration;
			buildSettings = {
				ALWAYS_SEARCH_USER_PATHS = NO;
				CLANG_ANALYZER_NONNULL = YES;
				CLANG_ANALYZER_NUMBER_OBJECT_CONVERSION = YES_AGGRESSIVE;
				CLANG_CXX_LANGUAGE_STANDARD = "gnu++0x";
				CLANG_CXX_LIBRARY = "libc++";
				CLANG_ENABLE_MODULES = YES;
				CLANG_ENABLE_OBJC_ARC = YES;
				CLANG_WARN_BLOCK_CAPTURE_AUTORELEASING = YES;
				CLANG_WARN_BOOL_CONVERSION = YES;
				CLANG_WARN_COMMA = YES;
				CLANG_WARN_CONSTANT_CONVERSION = YES;
				CLANG_WARN_DIRECT_OBJC_ISA_USAGE = YES_ERROR;
				CLANG_WARN_DOCUMENTATION_COMMENTS = YES;
				CLANG_WARN_EMPTY_BODY = YES;
				CLANG_WARN_ENUM_CONVERSION = YES;
				CLANG_WARN_INFINITE_RECURSION = YES;
				CLANG_WARN_INT_CONVERSION = YES;
				CLANG_WARN_NON_LITERAL_NULL_CONVERSION = YES;
				CLANG_WARN_OBJC_LITERAL_CONVERSION = YES;
				CLANG_WARN_OBJC_ROOT_CLASS = YES_ERROR;
				CLANG_WARN_RANGE_LOOP_ANALYSIS = YES;
				CLANG_WARN_STRICT_PROTOTYPES = YES;
				CLANG_WARN_SUSPICIOUS_MOVE = YES;
				CLANG_WARN_UNREACHABLE_CODE = YES;
				CLANG_WARN__DUPLICATE_METHOD_MATCH = YES;
				CODE_SIGN_IDENTITY = "-";
				COPY_PHASE_STRIP = NO;
				DEBUG_INFORMATION_FORMAT = dwarf;
				ENABLE_STRICT_OBJC_MSGSEND = YES;
				ENABLE_TESTABILITY = YES;
				GCC_C_LANGUAGE_STANDARD = gnu99;
				GCC_DYNAMIC_NO_PIC = NO;
				GCC_NO_COMMON_BLOCKS = YES;
				GCC_OPTIMIZATION_LEVEL = 0;
				GCC_PREPROCESSOR_DEFINITIONS = (
					"DEBUG=1",
					"$(inherited)",
				);
				GCC_WARN_64_TO_32_BIT_CONVERSION = YES;
				GCC_WARN_ABOUT_RETURN_TYPE = YES_ERROR;
				GCC_WARN_UNDECLARED_SELECTOR = YES;
				GCC_WARN_UNINITIALIZED_AUTOS = YES_AGGRESSIVE;
				GCC_WARN_UNUSED_FUNCTION = YES;
				GCC_WARN_UNUSED_VARIABLE = YES;
				LIBRARY_SEARCH_PATHS = "$(SRCROOT)/../../lib";
				MACOSX_DEPLOYMENT_TARGET = 10.12;
				MTL_ENABLE_DEBUG_INFO = YES;
				ONLY_ACTIVE_ARCH = YES;
				SDKROOT = macosx;
				SYSTEM_HEADER_SEARCH_PATHS = "$(SRCROOT)/../../include";
			};
			name = Debug;
		};
		523E54B51E90431E007D2654 /* Release */ = {
			isa = XCBuildConfiguration;
			buildSettings = {
				ALWAYS_SEARCH_USER_PATHS = NO;
				CLANG_ANALYZER_NONNULL = YES;
				CLANG_ANALYZER_NUMBER_OBJECT_CONVERSION = YES_AGGRESSIVE;
				CLANG_CXX_LANGUAGE_STANDARD = "gnu++0x";
				CLANG_CXX_LIBRARY = "libc++";
				CLANG_ENABLE_MODULES = YES;
				CLANG_ENABLE_OBJC_ARC = YES;
				CLANG_WARN_BLOCK_CAPTURE_AUTORELEASING = YES;
				CLANG_WARN_BOOL_CONVERSION = YES;
				CLANG_WARN_COMMA = YES;
				CLANG_WARN_CONSTANT_CONVERSION = YES;
				CLANG_WARN_DIRECT_OBJC_ISA_USAGE = YES_ERROR;
				CLANG_WARN_DOCUMENTATION_COMMENTS = YES;
				CLANG_WARN_EMPTY_BODY = YES;
				CLANG_WARN_ENUM_CONVERSION = YES;
				CLANG_WARN_INFINITE_RECURSION = YES;
				CLANG_WARN_INT_CONVERSION = YES;
				CLANG_WARN_NON_LITERAL_NULL_CONVERSION = YES;
				CLANG_WARN_OBJC_LITERAL_CONVERSION = YES;
				CLANG_WARN_OBJC_ROOT_CLASS = YES_ERROR;
				CLANG_WARN_RANGE_LOOP_ANALYSIS = YES;
				CLANG_WARN_STRICT_PROTOTYPES = YES;
				CLANG_WARN_SUSPICIOUS_MOVE = YES;
				CLANG_WARN_UNREACHABLE_CODE = YES;
				CLANG_WARN__DUPLICATE_METHOD_MATCH = YES;
				CODE_SIGN_IDENTITY = "-";
				COPY_PHASE_STRIP = NO;
				DEBUG_INFORMATION_FORMAT = "dwarf-with-dsym";
				ENABLE_NS_ASSERTIONS = NO;
				ENABLE_STRICT_OBJC_MSGSEND = YES;
				GCC_C_LANGUAGE_STANDARD = gnu99;
				GCC_NO_COMMON_BLOCKS = YES;
				GCC_WARN_64_TO_32_BIT_CONVERSION = YES;
				GCC_WARN_ABOUT_RETURN_TYPE = YES_ERROR;
				GCC_WARN_UNDECLARED_SELECTOR = YES;
				GCC_WARN_UNINITIALIZED_AUTOS = YES_AGGRESSIVE;
				GCC_WARN_UNUSED_FUNCTION = YES;
				GCC_WARN_UNUSED_VARIABLE = YES;
				LIBRARY_SEARCH_PATHS = "$(SRCROOT)/../../lib";
				MACOSX_DEPLOYMENT_TARGET = 10.12;
				MTL_ENABLE_DEBUG_INFO = NO;
				SDKROOT = macosx;
				SYSTEM_HEADER_SEARCH_PATHS = "$(SRCROOT)/../../include";
			};
			name = Release;
		};
		523E54B71E90431E007D2654 /* Debug */ = {
			isa = XCBuildConfiguration;
			buildSettings = {
				COMBINE_HIDPI_IMAGES = YES;
				INFOPLIST_FILE = Intel16CPU/Info.plist;
				INSTALL_PATH = "$(LOCAL_LIBRARY_DIR)/Bundles";
				OTHER_LDFLAGS = "-lcapstone";
				PRODUCT_BUNDLE_IDENTIFIER = com.bjfn.Intel16CPU;
				PRODUCT_NAME = "$(TARGET_NAME)";
				SKIP_INSTALL = YES;
				WRAPPER_EXTENSION = hopperCPU;
			};
			name = Debug;
		};
		523E54B81E90431E007D2654 /* Release */ = {
			isa = XCBuildConfiguration;
			buildSettings = {
				COMBINE_HIDPI_IMAGES = YES;
				INFOPLIST_FILE = Intel16CPU/Info.plist;
				INSTALL_PATH = "$(LOCAL_LIBRARY_DIR)/Bundles";
				OTHER_LDFLAGS = "-lcapstone";
				PRODUCT_BUNDLE_IDENTIFIER = com.bjfn.Intel16CPU;
				PRODUCT_NAME = "$(TARGET_NAME)";
				SKIP_INSTALL = YES;
				WRAPPER_EXTENSION = hopperCPU;
			};
			name = Release;
		};
/* End XCBuildConfiguration section */

/* Begin XCConfigurationList section */
		523E54AB1E90431E007D2654 /* Build configuration list for PBXProject "Intel16CPU" */ = {
			isa = XCConfigurationList;
			buildConfigurations = (
				523E54B41E90431E007D2654 /* Debug */,
				523E54B51E90431E007D2654 /* Release */,
			);
			defaultConfigurationIsVisible = 0;
			defaultConfigurationName = Release;
		};
		523E54B61E90431E007D2654 /* Build configuration list for PBXNativeTarget "Intel16CPU" */ = {
			isa = XCConfigurationList;
			buildConfigurations = (
				523E54B71E90431E007D2654 /* Debug */,
				523E54B81E90431E007D2654 /* Release */,
			);
			defaultConfigurationIsVisible = 0;
			defaultConfigurationName = Release;
		};
/* End XCConfigurationList section */
	};
	rootObject = 523E54A81E90431E007D2654 /* Project object */;
}
